
Microsoft Visual Studio Solution File, Format Version 12.00
# Visual Studio Version 16
VisualStudioVersion = 16.0.29424.173
MinimumVisualStudioVersion = 10.0.40219.1
Project("{FAE04EC0-301F-11D3-BF4B-00C04F79EFBC}") = "Diaspora.Android", "Diaspora.Android\Diaspora.Android.csproj", "{6E7CB188-F34A-4669-B6D1-2F0344505098}"
EndProject
Project("{FAE04EC0-301F-11D3-BF4B-00C04F79EFBC}") = "Diaspora.iOS", "Diaspora.iOS\Diaspora.iOS.csproj", "{F54158A3-6E4F-4C46-BB2A-488FEAEF5351}"
EndProject
Project("{FAE04EC0-301F-11D3-BF4B-00C04F79EFBC}") = "Diaspora", "Diaspora\Diaspora.csproj", "{747AE174-6F51-46E1-A10E-1A42FDA7A28B}"
EndProject
Global
	GlobalSection(SolutionConfigurationPlatforms) = preSolution
		Debug|Any CPU = Debug|Any CPU
		Debug|iPhone = Debug|iPhone
		Debug|iPhoneSimulator = Debug|iPhoneSimulator
		Release|Any CPU = Release|Any CPU
		Release|iPhone = Release|iPhone
		Release|iPhoneSimulator = Release|iPhoneSimulator
	EndGlobalSection
	GlobalSection(ProjectConfigurationPlatforms) = postSolution
		{6E7CB188-F34A-4669-B6D1-2F0344505098}.Debug|Any CPU.ActiveCfg = Debug|Any CPU
		{6E7CB188-F34A-4669-B6D1-2F0344505098}.Debug|Any CPU.Build.0 = Debug|Any CPU
		{6E7CB188-F34A-4669-B6D1-2F0344505098}.Debug|Any CPU.Deploy.0 = Debug|Any CPU
		{6E7CB188-F34A-4669-B6D1-2F0344505098}.Debug|iPhone.ActiveCfg = Debug|Any CPU
		{6E7CB188-F34A-4669-B6D1-2F0344505098}.Debug|iPhone.Build.0 = Debug|Any CPU
		{6E7CB188-F34A-4669-B6D1-2F0344505098}.Debug|iPhone.Deploy.0 = Debug|Any CPU
		{6E7CB188-F34A-4669-B6D1-2F0344505098}.Debug|iPhoneSimulator.ActiveCfg = Debug|Any CPU
		{6E7CB188-F34A-4669-B6D1-2F0344505098}.Debug|iPhoneSimulator.Build.0 = Debug|Any CPU
		{6E7CB188-F34A-4669-B6D1-2F0344505098}.Debug|iPhoneSimulator.Deploy.0 = Debug|Any CPU
		{6E7CB188-F34A-4669-B6D1-2F0344505098}.Release|Any CPU.ActiveCfg = Release|Any CPU
		{6E7CB188-F34A-4669-B6D1-2F0344505098}.Release|Any CPU.Build.0 = Release|Any CPU
		{6E7CB188-F34A-4669-B6D1-2F0344505098}.Release|Any CPU.Deploy.0 = Release|Any CPU
		{6E7CB188-F34A-4669-B6D1-2F0344505098}.Release|iPhone.ActiveCfg = Release|Any CPU
		{6E7CB188-F34A-4669-B6D1-2F0344505098}.Release|iPhone.Build.0 = Release|Any CPU
		{6E7CB188-F34A-4669-B6D1-2F0344505098}.Release|iPhone.Deploy.0 = Release|Any CPU
		{6E7CB188-F34A-4669-B6D1-2F0344505098}.Release|iPhoneSimulator.ActiveCfg = Release|Any CPU
		{6E7CB188-F34A-4669-B6D1-2F0344505098}.Release|iPhoneSimulator.Build.0 = Release|Any CPU
		{6E7CB188-F34A-4669-B6D1-2F0344505098}.Release|iPhoneSimulator.Deploy.0 = Release|Any CPU
		{F54158A3-6E4F-4C46-BB2A-488FEAEF5351}.Debug|Any CPU.ActiveCfg = Debug|iPhoneSimulator
		{F54158A3-6E4F-4C46-BB2A-488FEAEF5351}.Debug|Any CPU.Build.0 = Debug|iPhoneSimulator
		{F54158A3-6E4F-4C46-BB2A-488FEAEF5351}.Debug|Any CPU.Deploy.0 = Debug|iPhoneSimulator
		{F54158A3-6E4F-4C46-BB2A-488FEAEF5351}.Debug|iPhone.ActiveCfg = Debug|iPhone
		{F54158A3-6E4F-4C46-BB2A-488FEAEF5351}.Debug|iPhone.Build.0 = Debug|iPhone
		{F54158A3-6E4F-4C46-BB2A-488FEAEF5351}.Debug|iPhone.Deploy.0 = Debug|iPhone
		{F54158A3-6E4F-4C46-BB2A-488FEAEF5351}.Debug|iPhoneSimulator.ActiveCfg = Debug|iPhoneSimulator
		{F54158A3-6E4F-4C46-BB2A-488FEAEF5351}.Debug|iPhoneSimulator.Build.0 = Debug|iPhoneSimulator
		{F54158A3-6E4F-4C46-BB2A-488FEAEF5351}.Debug|iPhoneSimulator.Deploy.0 = Debug|iPhoneSimulator
		{F54158A3-6E4F-4C46-BB2A-488FEAEF5351}.Release|Any CPU.ActiveCfg = Release|iPhone
		{F54158A3-6E4F-4C46-BB2A-488FEAEF5351}.Release|Any CPU.Build.0 = Release|iPhone
		{F54158A3-6E4F-4C46-BB2A-488FEAEF5351}.Release|Any CPU.Deploy.0 = Release|iPhone
		{F54158A3-6E4F-4C46-BB2A-488FEAEF5351}.Release|iPhone.ActiveCfg = Release|iPhone
		{F54158A3-6E4F-4C46-BB2A-488FEAEF5351}.Release|iPhone.Build.0 = Release|iPhone
		{F54158A3-6E4F-4C46-BB2A-488FEAEF5351}.Release|iPhone.Deploy.0 = Release|iPhone
		{F54158A3-6E4F-4C46-BB2A-488FEAEF5351}.Release|iPhoneSimulator.ActiveCfg = Release|iPhoneSimulator
		{F54158A3-6E4F-4C46-BB2A-488FEAEF5351}.Release|iPhoneSimulator.Build.0 = Release|iPhoneSimulator
		{F54158A3-6E4F-4C46-BB2A-488FEAEF5351}.Release|iPhoneSimulator.Deploy.0 = Release|iPhoneSimulator
		{747AE174-6F51-46E1-A10E-1A42FDA7A28B}.Debug|Any CPU.ActiveCfg = Debug|Any CPU
		{747AE174-6F51-46E1-A10E-1A42FDA7A28B}.Debug|Any CPU.Build.0 = Debug|Any CPU
		{747AE174-6F51-46E1-A10E-1A42FDA7A28B}.Debug|Any CPU.Deploy.0 = Debug|Any CPU
		{747AE174-6F51-46E1-A10E-1A42FDA7A28B}.Debug|iPhone.ActiveCfg = Debug|Any CPU
		{747AE174-6F51-46E1-A10E-1A42FDA7A28B}.Debug|iPhone.Build.0 = Debug|Any CPU
		{747AE174-6F51-46E1-A10E-1A42FDA7A28B}.Debug|iPhone.Deploy.0 = Debug|Any CPU
		{747AE174-6F51-46E1-A10E-1A42FDA7A28B}.Debug|iPhoneSimulator.ActiveCfg = Debug|Any CPU
		{747AE174-6F51-46E1-A10E-1A42FDA7A28B}.Debug|iPhoneSimulator.Build.0 = Debug|Any CPU
		{747AE174-6F51-46E1-A10E-1A42FDA7A28B}.Debug|iPhoneSimulator.Deploy.0 = Debug|Any CPU
		{747AE174-6F51-46E1-A10E-1A42FDA7A28B}.Release|Any CPU.ActiveCfg = Release|Any CPU
		{747AE174-6F51-46E1-A10E-1A42FDA7A28B}.Release|Any CPU.Build.0 = Release|Any CPU
		{747AE174-6F51-46E1-A10E-1A42FDA7A28B}.Release|Any CPU.Deploy.0 = Release|Any CPU
		{747AE174-6F51-46E1-A10E-1A42FDA7A28B}.Release|iPhone.ActiveCfg = Release|Any CPU
		{747AE174-6F51-46E1-A10E-1A42FDA7A28B}.Release|iPhone.Build.0 = Release|Any CPU
		{747AE174-6F51-46E1-A10E-1A42FDA7A28B}.Release|iPhone.Deploy.0 = Release|Any CPU
		{747AE174-6F51-46E1-A10E-1A42FDA7A28B}.Release|iPhoneSimulator.ActiveCfg = Release|Any CPU
		{747AE174-6F51-46E1-A10E-1A42FDA7A28B}.Release|iPhoneSimulator.Build.0 = Release|Any CPU
		{747AE174-6F51-46E1-A10E-1A42FDA7A28B}.Release|iPhoneSimulator.Deploy.0 = Release|Any CPU
	EndGlobalSection
	GlobalSection(SolutionProperties) = preSolution
		HideSolutionNode = FALSE
	EndGlobalSection
	GlobalSection(ExtensibilityGlobals) = postSolution
		SolutionGuid = {94A7E67D-C5F5-4193-8B3E-2CFCB20F6E2C}
	EndGlobalSection
EndGlobal
